
Microsoft Visual Studio Solution File, Format Version 12.00
# Visual Studio Version 17
VisualStudioVersion = 17.6.33801.468
MinimumVisualStudioVersion = 10.0.40219.1
Project("{FAE04EC0-301F-11D3-BF4B-00C04F79EFBC}") = "AvgWordLength", "AvgWordLength.csproj", "{04E08AEA-A63B-4C91-BC0B-119C44BEDD3E}"
EndProject
Global
	GlobalSection(SolutionConfigurationPlatforms) = preSolution
		Debug|Any CPU = Debug|Any CPU
		Release|Any CPU = Release|Any CPU
	EndGlobalSection
	GlobalSection(ProjectConfigurationPlatforms) = postSolution
		{04E08AEA-A63B-4C91-BC0B-119C44BEDD3E}.Debug|Any CPU.ActiveCfg = Debug|Any CPU
		{04E08AEA-A63B-4C91-BC0B-119C44BEDD3E}.Debug|Any CPU.Build.0 = Debug|Any CPU
		{04E08AEA-A63B-4C91-BC0B-119C44BEDD3E}.Release|Any CPU.ActiveCfg = Release|Any CPU
		{04E08AEA-A63B-4C91-BC0B-119C44BEDD3E}.Release|Any CPU.Build.0 = Release|Any CPU
	EndGlobalSection
	GlobalSection(SolutionProperties) = preSolution
		HideSolutionNode = FALSE
	EndGlobalSection
	GlobalSection(ExtensibilityGlobals) = postSolution
		SolutionGuid = {13DF105A-737A-4C17-A6F4-80D5BF9AED6A}
	EndGlobalSection
EndGlobal
